# generated by rye
# use `rye lock` or `rye sync` to update this lockfile
#
# last locked with the following flags:
#   pre: false
#   features: []
#   all-features: false
#   with-sources: false
#   generate-hashes: false

-e file:.
accelerate==0.30.1
    # via transformers
certifi==2024.6.2
    # via requests
charset-normalizer==3.3.2
    # via requests
click==8.1.7
    # via entitybert
    # via fitter
    # via nltk
    # via rich-click
contourpy==1.3.0
    # via matplotlib
cycler==0.12.1
    # via matplotlib
et-xmlfile==1.1.0
    # via openpyxl
filelock==3.14.0
    # via huggingface-hub
    # via torch
    # via transformers
fitter==1.7.1
    # via entitybert
fonttools==4.53.1
    # via matplotlib
fsspec==2024.6.0
    # via huggingface-hub
    # via torch
gensim==4.3.2
    # via entitybert
huggingface-hub==0.23.3
    # via accelerate
    # via sentence-transformers
    # via tokenizers
    # via transformers
idna==3.7
    # via requests
jinja2==3.1.4
    # via torch
joblib==1.4.2
    # via fitter
    # via nltk
    # via scikit-learn
kiwisolver==1.4.7
    # via matplotlib
lmdb==1.5.1
    # via entitybert
loguru==0.7.2
    # via fitter
markdown-it-py==3.0.0
    # via rich
markupsafe==2.1.5
    # via jinja2
matplotlib==3.9.2
    # via fitter
mdurl==0.1.2
    # via markdown-it-py
mpmath==1.3.0
    # via sympy
networkx==3.3
    # via entitybert
    # via torch
nltk==3.8.1
    # via entitybert
numpy==1.26.4
    # via accelerate
    # via contourpy
    # via entitybert
    # via fitter
    # via gensim
    # via matplotlib
    # via pandas
    # via patsy
    # via pyarrow
    # via scikit-learn
    # via scipy
    # via sentence-transformers
    # via statsmodels
    # via transformers
openpyxl==3.1.4
    # via entitybert
ordered-set==4.1.0
    # via entitybert
packaging==24.0
    # via accelerate
    # via huggingface-hub
    # via matplotlib
    # via statsmodels
    # via transformers
pandas==2.2.2
    # via entitybert
    # via fitter
    # via statsmodels
patsy==0.5.6
    # via statsmodels
pillow==10.3.0
    # via matplotlib
    # via sentence-transformers
psutil==5.9.8
    # via accelerate
pyarrow==16.1.0
    # via entitybert
pygments==2.18.0
    # via rich
pyparsing==3.1.4
    # via matplotlib
python-dateutil==2.9.0.post0
    # via matplotlib
    # via pandas
pytz==2024.1
    # via pandas
pyyaml==6.0.1
    # via accelerate
    # via huggingface-hub
    # via transformers
regex==2024.5.15
    # via nltk
    # via transformers
requests==2.32.3
    # via huggingface-hub
    # via transformers
rich==13.8.0
    # via rich-click
rich-click==1.8.3
    # via fitter
safetensors==0.4.3
    # via accelerate
    # via transformers
scikit-learn==1.5.0
    # via sentence-transformers
scipy==1.12.0
    # via entitybert
    # via fitter
    # via gensim
    # via scikit-learn
    # via sentence-transformers
    # via statsmodels
sentence-transformers==2.7.0
    # via entitybert
six==1.16.0
    # via patsy
    # via python-dateutil
smart-open==7.0.4
    # via gensim
statsmodels==0.14.2
    # via entitybert
sympy==1.12.1
    # via torch
threadpoolctl==3.5.0
    # via scikit-learn
tokenizers==0.19.1
    # via transformers
torch==2.3.1
    # via accelerate
    # via entitybert
    # via sentence-transformers
    # via transformers
tqdm==4.66.4
    # via fitter
    # via huggingface-hub
    # via nltk
    # via sentence-transformers
    # via transformers
transformers==4.41.2
    # via entitybert
    # via sentence-transformers
tree-sitter==0.22.3
    # via entitybert
    # via tree-sitter-languages
tree-sitter-languages==1.10.2
    # via entitybert
typing-extensions==4.12.1
    # via huggingface-hub
    # via rich-click
    # via torch
tzdata==2024.1
    # via pandas
urllib3==2.2.1
    # via requests
wrapt==1.16.0
    # via smart-open
